
Microsoft Visual Studio Solution File, Format Version 12.00
# Visual Studio Version 16
VisualStudioVersion = 16.0.31321.278
MinimumVisualStudioVersion = 10.0.40219.1
Project("{FAE04EC0-301F-11D3-BF4B-00C04F79EFBC}") = "WorkingWithNumbers", "WorkingWithNumbers.csproj", "{99F424F6-EF8D-415B-86E1-60D84B807FFC}"
EndProject
Global
	GlobalSection(SolutionConfigurationPlatforms) = preSolution
		Debug|Any CPU = Debug|Any CPU
		Release|Any CPU = Release|Any CPU
	EndGlobalSection
	GlobalSection(ProjectConfigurationPlatforms) = postSolution
		{99F424F6-EF8D-415B-86E1-60D84B807FFC}.Debug|Any CPU.ActiveCfg = Debug|Any CPU
		{99F424F6-EF8D-415B-86E1-60D84B807FFC}.Debug|Any CPU.Build.0 = Debug|Any CPU
		{99F424F6-EF8D-415B-86E1-60D84B807FFC}.Release|Any CPU.ActiveCfg = Release|Any CPU
		{99F424F6-EF8D-415B-86E1-60D84B807FFC}.Release|Any CPU.Build.0 = Release|Any CPU
	EndGlobalSection
	GlobalSection(SolutionProperties) = preSolution
		HideSolutionNode = FALSE
	EndGlobalSection
	GlobalSection(ExtensibilityGlobals) = postSolution
		SolutionGuid = {7A4E50DD-7203-4345-8989-8F17B1EB7AEE}
	EndGlobalSection
EndGlobal
